
Microsoft Visual Studio Solution File, Format Version 12.00
# Visual Studio Version 17
VisualStudioVersion = 17.8.34322.80
MinimumVisualStudioVersion = 10.0.40219.1
Project("{FAE04EC0-301F-11D3-BF4B-00C04F79EFBC}") = "C#_IF Statements2", "C#_IF Statements2.csproj", "{60FE5221-D053-4481-9F3F-EB035221AC4E}"
EndProject
Global
	GlobalSection(SolutionConfigurationPlatforms) = preSolution
		Debug|Any CPU = Debug|Any CPU
		Release|Any CPU = Release|Any CPU
	EndGlobalSection
	GlobalSection(ProjectConfigurationPlatforms) = postSolution
		{60FE5221-D053-4481-9F3F-EB035221AC4E}.Debug|Any CPU.ActiveCfg = Debug|Any CPU
		{60FE5221-D053-4481-9F3F-EB035221AC4E}.Debug|Any CPU.Build.0 = Debug|Any CPU
		{60FE5221-D053-4481-9F3F-EB035221AC4E}.Release|Any CPU.ActiveCfg = Release|Any CPU
		{60FE5221-D053-4481-9F3F-EB035221AC4E}.Release|Any CPU.Build.0 = Release|Any CPU
	EndGlobalSection
	GlobalSection(SolutionProperties) = preSolution
		HideSolutionNode = FALSE
	EndGlobalSection
	GlobalSection(ExtensibilityGlobals) = postSolution
		SolutionGuid = {BB964ED9-C007-4CE6-9FB6-411D117EBF8F}
	EndGlobalSection
EndGlobal
